
Microsoft Visual Studio Solution File, Format Version 12.00
# Visual Studio 14
VisualStudioVersion = 14.0.25420.1
MinimumVisualStudioVersion = 10.0.40219.1
Project("{2150E333-8FDC-42A3-9474-1A3956D46DE8}") = "ParvaLib", "ParvaLib", "{992CD89E-474D-423C-B53E-CFBE28E578A3}"
EndProject
Project("{2150E333-8FDC-42A3-9474-1A3956D46DE8}") = "Example", "Example", "{3E1B7C5F-422C-4FD8-A3FB-69687D078BF6}"
EndProject
Project("{FAE04EC0-301F-11D3-BF4B-00C04F79EFBC}") = "Parva.Lib.UI", "Parva.Lib.UI\Parva.Lib.UI.csproj", "{36CD3FF2-A131-4D1A-AF0F-DDB816E2648C}"
EndProject
Project("{FAE04EC0-301F-11D3-BF4B-00C04F79EFBC}") = "Parva.Lib.Updater", "Parva.Lib.Updater\Parva.Lib.Updater.csproj", "{360A868D-70EF-454A-A0F2-FEB1AE6215C4}"
EndProject
Project("{FAE04EC0-301F-11D3-BF4B-00C04F79EFBC}") = "Parva.Lib.Util", "Parva.Lib.Util\Parva.Lib.Util.csproj", "{B68E160B-08E8-43C8-9089-5E66F09CB5AC}"
EndProject
Global
	GlobalSection(SolutionConfigurationPlatforms) = preSolution
		Debug|Any CPU = Debug|Any CPU
		Release|Any CPU = Release|Any CPU
	EndGlobalSection
	GlobalSection(ProjectConfigurationPlatforms) = postSolution
		{36CD3FF2-A131-4D1A-AF0F-DDB816E2648C}.Debug|Any CPU.ActiveCfg = Debug|Any CPU
		{36CD3FF2-A131-4D1A-AF0F-DDB816E2648C}.Debug|Any CPU.Build.0 = Debug|Any CPU
		{36CD3FF2-A131-4D1A-AF0F-DDB816E2648C}.Release|Any CPU.ActiveCfg = Release|Any CPU
		{36CD3FF2-A131-4D1A-AF0F-DDB816E2648C}.Release|Any CPU.Build.0 = Release|Any CPU
		{360A868D-70EF-454A-A0F2-FEB1AE6215C4}.Debug|Any CPU.ActiveCfg = Debug|Any CPU
		{360A868D-70EF-454A-A0F2-FEB1AE6215C4}.Debug|Any CPU.Build.0 = Debug|Any CPU
		{360A868D-70EF-454A-A0F2-FEB1AE6215C4}.Release|Any CPU.ActiveCfg = Release|Any CPU
		{360A868D-70EF-454A-A0F2-FEB1AE6215C4}.Release|Any CPU.Build.0 = Release|Any CPU
		{B68E160B-08E8-43C8-9089-5E66F09CB5AC}.Debug|Any CPU.ActiveCfg = Debug|Any CPU
		{B68E160B-08E8-43C8-9089-5E66F09CB5AC}.Debug|Any CPU.Build.0 = Debug|Any CPU
		{B68E160B-08E8-43C8-9089-5E66F09CB5AC}.Release|Any CPU.ActiveCfg = Release|Any CPU
		{B68E160B-08E8-43C8-9089-5E66F09CB5AC}.Release|Any CPU.Build.0 = Release|Any CPU
	EndGlobalSection
	GlobalSection(SolutionProperties) = preSolution
		HideSolutionNode = FALSE
	EndGlobalSection
	GlobalSection(NestedProjects) = preSolution
		{36CD3FF2-A131-4D1A-AF0F-DDB816E2648C} = {992CD89E-474D-423C-B53E-CFBE28E578A3}
		{360A868D-70EF-454A-A0F2-FEB1AE6215C4} = {992CD89E-474D-423C-B53E-CFBE28E578A3}
		{B68E160B-08E8-43C8-9089-5E66F09CB5AC} = {992CD89E-474D-423C-B53E-CFBE28E578A3}
	EndGlobalSection
EndGlobal
